<Solution>
  <Project Path="Dot-Net-Assignment-Shivam-Rao-UID00817.Tests/Dot-Net-Assignment-Shivam-Rao-UID00817.Tests.csproj" Id="936fb0ea-a4b3-458a-b95e-95ecf52a8dbb" />
  <Project Path="Dot-Net-Assignment-Shivam-Rao-UID00817/Dot-Net-Assignment-Shivam-Rao-UID00817.csproj" Id="87af6deb-4a87-477c-94b7-098fa482b0d2" />
</Solution>
